
Microsoft Visual Studio Solution File, Format Version 12.00
# Visual Studio 15
VisualStudioVersion = 15.0.27703.2035
MinimumVisualStudioVersion = 10.0.40219.1
Project("{FAE04EC0-301F-11D3-BF4B-00C04F79EFBC}") = "ServerSocket", "ServerSocket\ServerSocket.csproj", "{68564FC6-DB56-455A-A751-B92952FB26D7}"
EndProject
Project("{FAE04EC0-301F-11D3-BF4B-00C04F79EFBC}") = "TCP客户端", "TCP客户端\TCP客户端.csproj", "{397716A9-4286-4576-BA88-D77D19970911}"
EndProject
Project("{FAE04EC0-301F-11D3-BF4B-00C04F79EFBC}") = "数据转换成字节数组", "数据转换成字节数组\数据转换成字节数组.csproj", "{46CBD1FA-6FCA-4295-8B12-25E1FAEE3880}"
EndProject
Global
	GlobalSection(SolutionConfigurationPlatforms) = preSolution
		Debug|Any CPU = Debug|Any CPU
		Release|Any CPU = Release|Any CPU
	EndGlobalSection
	GlobalSection(ProjectConfigurationPlatforms) = postSolution
		{68564FC6-DB56-455A-A751-B92952FB26D7}.Debug|Any CPU.ActiveCfg = Debug|Any CPU
		{68564FC6-DB56-455A-A751-B92952FB26D7}.Debug|Any CPU.Build.0 = Debug|Any CPU
		{68564FC6-DB56-455A-A751-B92952FB26D7}.Release|Any CPU.ActiveCfg = Release|Any CPU
		{68564FC6-DB56-455A-A751-B92952FB26D7}.Release|Any CPU.Build.0 = Release|Any CPU
		{397716A9-4286-4576-BA88-D77D19970911}.Debug|Any CPU.ActiveCfg = Debug|Any CPU
		{397716A9-4286-4576-BA88-D77D19970911}.Debug|Any CPU.Build.0 = Debug|Any CPU
		{397716A9-4286-4576-BA88-D77D19970911}.Release|Any CPU.ActiveCfg = Release|Any CPU
		{397716A9-4286-4576-BA88-D77D19970911}.Release|Any CPU.Build.0 = Release|Any CPU
		{46CBD1FA-6FCA-4295-8B12-25E1FAEE3880}.Debug|Any CPU.ActiveCfg = Debug|Any CPU
		{46CBD1FA-6FCA-4295-8B12-25E1FAEE3880}.Debug|Any CPU.Build.0 = Debug|Any CPU
		{46CBD1FA-6FCA-4295-8B12-25E1FAEE3880}.Release|Any CPU.ActiveCfg = Release|Any CPU
		{46CBD1FA-6FCA-4295-8B12-25E1FAEE3880}.Release|Any CPU.Build.0 = Release|Any CPU
	EndGlobalSection
	GlobalSection(SolutionProperties) = preSolution
		HideSolutionNode = FALSE
	EndGlobalSection
	GlobalSection(ExtensibilityGlobals) = postSolution
		SolutionGuid = {0E092442-1339-4B68-BA8C-F35C79A56EFB}
	EndGlobalSection
EndGlobal
