
Microsoft Visual Studio Solution File, Format Version 12.00
# Visual Studio 15
Project("{FAE04EC0-301F-11D3-BF4B-00C04F79EFBC}") = "NewTpsProject", "Assembly-CSharp.csproj", "{87D11DDB-8E96-7ABC-727C-C0228A97566C}"
EndProject
Project("{FAE04EC0-301F-11D3-BF4B-00C04F79EFBC}") = "NewTpsProject", "Assembly-CSharp-Editor.csproj", "{27A0A993-C350-95AB-3AA4-CDDF52D3C528}"
EndProject
Global
	GlobalSection(SolutionConfigurationPlatforms) = preSolution
		Debug|Any CPU = Debug|Any CPU
		Release|Any CPU = Release|Any CPU
	EndGlobalSection
	GlobalSection(ProjectConfigurationPlatforms) = postSolution
		{87D11DDB-8E96-7ABC-727C-C0228A97566C}.Debug|Any CPU.ActiveCfg = Debug|Any CPU
		{87D11DDB-8E96-7ABC-727C-C0228A97566C}.Debug|Any CPU.Build.0 = Debug|Any CPU
		{87D11DDB-8E96-7ABC-727C-C0228A97566C}.Release|Any CPU.ActiveCfg = Release|Any CPU
		{87D11DDB-8E96-7ABC-727C-C0228A97566C}.Release|Any CPU.Build.0 = Release|Any CPU
		{27A0A993-C350-95AB-3AA4-CDDF52D3C528}.Debug|Any CPU.ActiveCfg = Debug|Any CPU
		{27A0A993-C350-95AB-3AA4-CDDF52D3C528}.Debug|Any CPU.Build.0 = Debug|Any CPU
		{27A0A993-C350-95AB-3AA4-CDDF52D3C528}.Release|Any CPU.ActiveCfg = Release|Any CPU
		{27A0A993-C350-95AB-3AA4-CDDF52D3C528}.Release|Any CPU.Build.0 = Release|Any CPU
	EndGlobalSection
	GlobalSection(SolutionProperties) = preSolution
		HideSolutionNode = FALSE
	EndGlobalSection
EndGlobal
